
Microsoft Visual Studio Solution File, Format Version 12.00
# Visual Studio 2017
Project("{FAE04EC0-301F-11D3-BF4B-00C04F79EFBC}") = "Loki and the Tesseract", "Loki and the Tesseract.csproj", "{23713F64-C2E4-5DF8-6869-5E4C8B221EAD}"
EndProject
Global
	GlobalSection(SolutionConfigurationPlatforms) = preSolution
		Debug|Any CPU = Debug|Any CPU
		Release|Any CPU = Release|Any CPU
	EndGlobalSection
	GlobalSection(ProjectConfigurationPlatforms) = postSolution
		{23713F64-C2E4-5DF8-6869-5E4C8B221EAD}.Debug|Any CPU.ActiveCfg = Debug|Any CPU
		{23713F64-C2E4-5DF8-6869-5E4C8B221EAD}.Debug|Any CPU.Build.0 = Debug|Any CPU
		{23713F64-C2E4-5DF8-6869-5E4C8B221EAD}.Release|Any CPU.ActiveCfg = Release|Any CPU
		{23713F64-C2E4-5DF8-6869-5E4C8B221EAD}.Release|Any CPU.Build.0 = Release|Any CPU
	EndGlobalSection
	GlobalSection(SolutionProperties) = preSolution
		HideSolutionNode = FALSE
	EndGlobalSection
EndGlobal
